# This file is automatically @generated by Cargo.
# It is not intended for manual editing.
version = 3

[[package]]
name = "r-efi"
version = "4.5.0"
source = "registry+https://github.com/rust-lang/crates.io-index"
checksum = "e9e935efc5854715dfc0a4c9ef18dc69dee0ec3bf9cc3ab740db831c0fdd86a3"

[[package]]
name = "r-efi-alloc"
version = "1.0.0"
source = "registry+https://github.com/rust-lang/crates.io-index"
checksum = "31d6f09fe2b6ad044bc3d2c34ce4979796581afd2f1ebc185837e02421e02fd7"
dependencies = [
 "r-efi",
]

[[package]]
name = "system76_gop_policy"
version = "1.0.0"
dependencies = [
 "r-efi",
 "r-efi-alloc",
]
