# This file is automatically @generated by Cargo.
# It is not intended for manual editing.
version = 3

[[package]]
name = "redox_uefi"
version = "0.1.10"
source = "registry+https://github.com/rust-lang/crates.io-index"
checksum = "4143e69d22c9f79fd22cb37859a06af4936741c8ef70b5d6338953717feb68a5"

[[package]]
name = "redox_uefi_alloc"
version = "0.1.10"
source = "registry+https://github.com/rust-lang/crates.io-index"
checksum = "d12654bc506da36550bbd8e77438be985b839afdc98c0956fc7fd10fa9b45022"
dependencies = [
 "redox_uefi",
]

[[package]]
name = "redox_uefi_std"
version = "0.1.10"
source = "registry+https://github.com/rust-lang/crates.io-index"
checksum = "b9dea5dc3b2366e4611520a4983b27aa11f373c86f774eff1fd3f93d040c0ebd"
dependencies = [
 "redox_uefi",
 "redox_uefi_alloc",
]

[[package]]
name = "system76_gop_policy"
version = "1.0.0"
dependencies = [
 "redox_uefi_std",
]
